
Microsoft Visual Studio Solution File, Format Version 12.00
# Visual Studio Version 17
VisualStudioVersion = 17.2.32616.157
MinimumVisualStudioVersion = 10.0.40219.1
Project("{9A19103F-16F7-4668-BE54-9A1E7A4F7556}") = "design_pattern_abstract_factory", "design_pattern_abstract_factory.csproj", "{4833A30A-FAED-46B6-B222-C9DAE8B7DD51}"
EndProject
Project("{9A19103F-16F7-4668-BE54-9A1E7A4F7556}") = "design_pattern_builder", "..\design_pattern_builder\design_pattern_builder.csproj", "{F3A601F5-B25B-4CE3-9514-5B2C160D637C}"
EndProject
Project("{9A19103F-16F7-4668-BE54-9A1E7A4F7556}") = "design_pattern_prototype_singleton", "..\design_pattern_singleton\design_pattern_prototype_singleton.csproj", "{EC0B831A-FF58-4D6F-93D0-942E6E915F1E}"
EndProject
Project("{9A19103F-16F7-4668-BE54-9A1E7A4F7556}") = "design_pattern_factory_method", "..\design_pattern_factory_method\design_pattern_factory_method.csproj", "{DBBC2924-850D-4D5E-AA7C-529A65912BF8}"
EndProject
Project("{9A19103F-16F7-4668-BE54-9A1E7A4F7556}") = "design_pattern_adapter", "..\design_pattern_adapter\design_pattern_adapter.csproj", "{7B915AB9-E8CB-4B42-974F-2C3BF5965C02}"
EndProject
Project("{FAE04EC0-301F-11D3-BF4B-00C04F79EFBC}") = "design_pattern_bridge", "..\design_pattern_bridge\design_pattern_bridge.csproj", "{C00563FF-F211-4673-B7AB-C5891D75D823}"
EndProject
Project("{FAE04EC0-301F-11D3-BF4B-00C04F79EFBC}") = "design_pattern_composite", "..\design_pattern_composite\design_pattern_composite.csproj", "{63D3886E-83A6-4E9A-B312-28C5E1530D83}"
EndProject
Project("{FAE04EC0-301F-11D3-BF4B-00C04F79EFBC}") = "design_pattern_chain_of_responsability", "..\design_pattern_chain_of_responsability\design_pattern_chain_of_responsability.csproj", "{9309D482-5C7B-40B1-9F59-05E7968835B3}"
EndProject
Global
	GlobalSection(SolutionConfigurationPlatforms) = preSolution
		Debug|Any CPU = Debug|Any CPU
		Release|Any CPU = Release|Any CPU
	EndGlobalSection
	GlobalSection(ProjectConfigurationPlatforms) = postSolution
		{4833A30A-FAED-46B6-B222-C9DAE8B7DD51}.Debug|Any CPU.ActiveCfg = Debug|Any CPU
		{4833A30A-FAED-46B6-B222-C9DAE8B7DD51}.Debug|Any CPU.Build.0 = Debug|Any CPU
		{4833A30A-FAED-46B6-B222-C9DAE8B7DD51}.Release|Any CPU.ActiveCfg = Release|Any CPU
		{4833A30A-FAED-46B6-B222-C9DAE8B7DD51}.Release|Any CPU.Build.0 = Release|Any CPU
		{F3A601F5-B25B-4CE3-9514-5B2C160D637C}.Debug|Any CPU.ActiveCfg = Debug|Any CPU
		{F3A601F5-B25B-4CE3-9514-5B2C160D637C}.Debug|Any CPU.Build.0 = Debug|Any CPU
		{F3A601F5-B25B-4CE3-9514-5B2C160D637C}.Release|Any CPU.ActiveCfg = Release|Any CPU
		{F3A601F5-B25B-4CE3-9514-5B2C160D637C}.Release|Any CPU.Build.0 = Release|Any CPU
		{EC0B831A-FF58-4D6F-93D0-942E6E915F1E}.Debug|Any CPU.ActiveCfg = Debug|Any CPU
		{EC0B831A-FF58-4D6F-93D0-942E6E915F1E}.Debug|Any CPU.Build.0 = Debug|Any CPU
		{EC0B831A-FF58-4D6F-93D0-942E6E915F1E}.Release|Any CPU.ActiveCfg = Release|Any CPU
		{EC0B831A-FF58-4D6F-93D0-942E6E915F1E}.Release|Any CPU.Build.0 = Release|Any CPU
		{DBBC2924-850D-4D5E-AA7C-529A65912BF8}.Debug|Any CPU.ActiveCfg = Debug|Any CPU
		{DBBC2924-850D-4D5E-AA7C-529A65912BF8}.Debug|Any CPU.Build.0 = Debug|Any CPU
		{DBBC2924-850D-4D5E-AA7C-529A65912BF8}.Release|Any CPU.ActiveCfg = Release|Any CPU
		{DBBC2924-850D-4D5E-AA7C-529A65912BF8}.Release|Any CPU.Build.0 = Release|Any CPU
		{7B915AB9-E8CB-4B42-974F-2C3BF5965C02}.Debug|Any CPU.ActiveCfg = Debug|Any CPU
		{7B915AB9-E8CB-4B42-974F-2C3BF5965C02}.Debug|Any CPU.Build.0 = Debug|Any CPU
		{7B915AB9-E8CB-4B42-974F-2C3BF5965C02}.Release|Any CPU.ActiveCfg = Release|Any CPU
		{7B915AB9-E8CB-4B42-974F-2C3BF5965C02}.Release|Any CPU.Build.0 = Release|Any CPU
		{C00563FF-F211-4673-B7AB-C5891D75D823}.Debug|Any CPU.ActiveCfg = Debug|Any CPU
		{C00563FF-F211-4673-B7AB-C5891D75D823}.Debug|Any CPU.Build.0 = Debug|Any CPU
		{C00563FF-F211-4673-B7AB-C5891D75D823}.Release|Any CPU.ActiveCfg = Release|Any CPU
		{C00563FF-F211-4673-B7AB-C5891D75D823}.Release|Any CPU.Build.0 = Release|Any CPU
		{63D3886E-83A6-4E9A-B312-28C5E1530D83}.Debug|Any CPU.ActiveCfg = Debug|Any CPU
		{63D3886E-83A6-4E9A-B312-28C5E1530D83}.Debug|Any CPU.Build.0 = Debug|Any CPU
		{63D3886E-83A6-4E9A-B312-28C5E1530D83}.Release|Any CPU.ActiveCfg = Release|Any CPU
		{63D3886E-83A6-4E9A-B312-28C5E1530D83}.Release|Any CPU.Build.0 = Release|Any CPU
		{9309D482-5C7B-40B1-9F59-05E7968835B3}.Debug|Any CPU.ActiveCfg = Debug|Any CPU
		{9309D482-5C7B-40B1-9F59-05E7968835B3}.Debug|Any CPU.Build.0 = Debug|Any CPU
		{9309D482-5C7B-40B1-9F59-05E7968835B3}.Release|Any CPU.ActiveCfg = Release|Any CPU
		{9309D482-5C7B-40B1-9F59-05E7968835B3}.Release|Any CPU.Build.0 = Release|Any CPU
	EndGlobalSection
	GlobalSection(SolutionProperties) = preSolution
		HideSolutionNode = FALSE
	EndGlobalSection
	GlobalSection(ExtensibilityGlobals) = postSolution
		SolutionGuid = {DEF4F820-71CA-4451-BB81-F4493C0B96F1}
	EndGlobalSection
EndGlobal
